Microsoft Visual Studio Solution File, Format Version 12.00
# Visual Studio 2012
Project("{FAE04EC0-301F-11D3-BF4B-00C04F79EFBC}") = "Fraustadt", "Fraustadt.csproj", "{5566CA97-E410-4A56-A2AA-4289E839B0BD}"
EndProject
Global
	GlobalSection(SolutionConfigurationPlatforms) = preSolution
	Debug|Any CPU = Debug|Any CPU
	ExportDebug|Any CPU = ExportDebug|Any CPU
	ExportRelease|Any CPU = ExportRelease|Any CPU
	EndGlobalSection
	GlobalSection(ProjectConfigurationPlatforms) = postSolution
		{5566CA97-E410-4A56-A2AA-4289E839B0BD}.Debug|Any CPU.ActiveCfg = Debug|Any CPU
		{5566CA97-E410-4A56-A2AA-4289E839B0BD}.Debug|Any CPU.Build.0 = Debug|Any CPU
		{5566CA97-E410-4A56-A2AA-4289E839B0BD}.ExportDebug|Any CPU.ActiveCfg = ExportDebug|Any CPU
		{5566CA97-E410-4A56-A2AA-4289E839B0BD}.ExportDebug|Any CPU.Build.0 = ExportDebug|Any CPU
		{5566CA97-E410-4A56-A2AA-4289E839B0BD}.ExportRelease|Any CPU.ActiveCfg = ExportRelease|Any CPU
		{5566CA97-E410-4A56-A2AA-4289E839B0BD}.ExportRelease|Any CPU.Build.0 = ExportRelease|Any CPU
	EndGlobalSection
EndGlobal
